// !$*UTF8*$!
{
	archiveVersion = 1;
	classes = {
	};
	objectVersion = 50;
	objects = {

/* Begin PBXBuildFile section */
		306492292375B9B500EB6777 /* AppDelegate.swift in Sources */ = {isa = PBXBuildFile; fileRef = 306492282375B9B500EB6777 /* AppDelegate.swift */; };
		3064922B2375B9B500EB6777 /* ViewController.swift in Sources */ = {isa = PBXBuildFile; fileRef = 3064922A2375B9B500EB6777 /* ViewController.swift */; };
		3064922D2375B9B700EB6777 /* Assets.xcassets in Resources */ = {isa = PBXBuildFile; fileRef = 3064922C2375B9B700EB6777 /* Assets.xcassets */; };
		306492302375B9B700EB6777 /* Main.storyboard in Resources */ = {isa = PBXBuildFile; fileRef = 3064922E2375B9B700EB6777 /* Main.storyboard */; };
		306492392375BA0F00EB6777 /* DataURL.html in Resources */ = {isa = PBXBuildFile; fileRef = 306492382375BA0F00EB6777 /* DataURL.html */; };
/* End PBXBuildFile section */

/* Begin PBXFileReference section */
		306492252375B9B500EB6777 /* WebViewDownloadFromDataURLTest.app */ = {isa = PBXFileReference; explicitFileType = wrapper.application; includeInIndex = 0; path = WebViewDownloadFromDataURLTest.app; sourceTree = BUILT_PRODUCTS_DIR; };
		306492282375B9B500EB6777 /* AppDelegate.swift */ = {isa = PBXFileReference; lastKnownFileType = sourcecode.swift; path = AppDelegate.swift; sourceTree = "<group>"; };
		3064922A2375B9B500EB6777 /* ViewController.swift */ = {isa = PBXFileReference; lastKnownFileType = sourcecode.swift; path = ViewController.swift; sourceTree = "<group>"; };
		3064922C2375B9B700EB6777 /* Assets.xcassets */ = {isa = PBXFileReference; lastKnownFileType = folder.assetcatalog; path = Assets.xcassets; sourceTree = "<group>"; };
		3064922F2375B9B700EB6777 /* Base */ = {isa = PBXFileReference; lastKnownFileType = file.storyboard; name = Base; path = Base.lproj/Main.storyboard; sourceTree = "<group>"; };
		306492312375B9B700EB6777 /* Info.plist */ = {isa = PBXFileReference; lastKnownFileType = text.plist.xml; path = Info.plist; sourceTree = "<group>"; };
		306492322375B9B700EB6777 /* WebViewDownloadFromDataURLTest.entitlements */ = {isa = PBXFileReference; lastKnownFileType = text.plist.entitlements; path = WebViewDownloadFromDataURLTest.entitlements; sourceTree = "<group>"; };
		306492382375BA0F00EB6777 /* DataURL.html */ = {isa = PBXFileReference; lastKnownFileType = text.html; path = DataURL.html; sourceTree = "<group>"; };
/* End PBXFileReference section */

/* Begin PBXFrameworksBuildPhase section */
		306492222375B9B500EB6777 /* Frameworks */ = {
			isa = PBXFrameworksBuildPhase;
			buildActionMask = 2147483647;
			files = (
			);
			runOnlyForDeploymentPostprocessing = 0;
		};
/* End PBXFrameworksBuildPhase section */

/* Begin PBXGroup section */
		3064921C2375B9B500EB6777 = {
			isa = PBXGroup;
			children = (
				306492272375B9B500EB6777 /* WebViewDownloadFromDataURLTest */,
				306492262375B9B500EB6777 /* Products */,
			);
			sourceTree = "<group>";
		};
		306492262375B9B500EB6777 /* Products */ = {
			isa = PBXGroup;
			children = (
				306492252375B9B500EB6777 /* WebViewDownloadFromDataURLTest.app */,
			);
			name = Products;
			sourceTree = "<group>";
		};
		306492272375B9B500EB6777 /* WebViewDownloadFromDataURLTest */ = {
			isa = PBXGroup;
			children = (
				306492282375B9B500EB6777 /* AppDelegate.swift */,
				3064922A2375B9B500EB6777 /* ViewController.swift */,
				3064922C2375B9B700EB6777 /* Assets.xcassets */,
				3064922E2375B9B700EB6777 /* Main.storyboard */,
				306492312375B9B700EB6777 /* Info.plist */,
				306492322375B9B700EB6777 /* WebViewDownloadFromDataURLTest.entitlements */,
				306492382375BA0F00EB6777 /* DataURL.html */,
			);
			path = WebViewDownloadFromDataURLTest;
			sourceTree = "<group>";
		};
/* End PBXGroup section */

/* Begin PBXNativeTarget section */
		306492242375B9B500EB6777 /* WebViewDownloadFromDataURLTest */ = {
			isa = PBXNativeTarget;
			buildConfigurationList = 306492352375B9B700EB6777 /* Build configuration list for PBXNativeTarget "WebViewDownloadFromDataURLTest" */;
			buildPhases = (
				306492212375B9B500EB6777 /* Sources */,
				306492222375B9B500EB6777 /* Frameworks */,
				306492232375B9B500EB6777 /* Resources */,
			);
			buildRules = (
			);
			dependencies = (
			);
			name = WebViewDownloadFromDataURLTest;
			productName = WebViewDownloadFromDataURLTest;
			productReference = 306492252375B9B500EB6777 /* WebViewDownloadFromDataURLTest.app */;
			productType = "com.apple.product-type.application";
		};
/* End PBXNativeTarget section */

/* Begin PBXProject section */
		3064921D2375B9B500EB6777 /* Project object */ = {
			isa = PBXProject;
			attributes = {
				LastSwiftUpdateCheck = 1120;
				LastUpgradeCheck = 1120;
				ORGANIZATIONNAME = "MicroStrategy, Inc.";
				TargetAttributes = {
					306492242375B9B500EB6777 = {
						CreatedOnToolsVersion = 11.2;
					};
				};
			};
			buildConfigurationList = 306492202375B9B500EB6777 /* Build configuration list for PBXProject "WebViewDownloadFromDataURLTest" */;
			compatibilityVersion = "Xcode 9.3";
			developmentRegion = en;
			hasScannedForEncodings = 0;
			knownRegions = (
				en,
				Base,
			);
			mainGroup = 3064921C2375B9B500EB6777;
			productRefGroup = 306492262375B9B500EB6777 /* Products */;
			projectDirPath = "";
			projectRoot = "";
			targets = (
				306492242375B9B500EB6777 /* WebViewDownloadFromDataURLTest */,
			);
		};
/* End PBXProject section */

/* Begin PBXResourcesBuildPhase section */
		306492232375B9B500EB6777 /* Resources */ = {
			isa = PBXResourcesBuildPhase;
			buildActionMask = 2147483647;
			files = (
				3064922D2375B9B700EB6777 /* Assets.xcassets in Resources */,
				306492302375B9B700EB6777 /* Main.storyboard in Resources */,
				306492392375BA0F00EB6777 /* DataURL.html in Resources */,
			);
			runOnlyForDeploymentPostprocessing = 0;
		};
/* End PBXResourcesBuildPhase section */

/* Begin PBXSourcesBuildPhase section */
		306492212375B9B500EB6777 /* Sources */ = {
			isa = PBXSourcesBuildPhase;
			buildActionMask = 2147483647;
			files = (
				3064922B2375B9B500EB6777 /* ViewController.swift in Sources */,
				306492292375B9B500EB6777 /* AppDelegate.swift in Sources */,
			);
			runOnlyForDeploymentPostprocessing = 0;
		};
/* End PBXSourcesBuildPhase section */

/* Begin PBXVariantGroup section */
		3064922E2375B9B700EB6777 /* Main.storyboard */ = {
			isa = PBXVariantGroup;
			children = (
				3064922F2375B9B700EB6777 /* Base */,
			);
			name = Main.storyboard;
			sourceTree = "<group>";
		};
/* End PBXVariantGroup section */

/* Begin XCBuildConfiguration section */
		306492332375B9B700EB6777 /* Debug */ = {
			isa = XCBuildConfiguration;
			buildSettings = {
				ALWAYS_SEARCH_USER_PATHS = NO;
				CLANG_ANALYZER_NONNULL = YES;
				CLANG_ANALYZER_NUMBER_OBJECT_CONVERSION = YES_AGGRESSIVE;
				CLANG_CXX_LANGUAGE_STANDARD = "gnu++14";
				CLANG_CXX_LIBRARY = "libc++";
				CLANG_ENABLE_MODULES = YES;
				CLANG_ENABLE_OBJC_ARC = YES;
				CLANG_ENABLE_OBJC_WEAK = YES;
				CLANG_WARN_BLOCK_CAPTURE_AUTORELEASING = YES;
				CLANG_WARN_BOOL_CONVERSION = YES;
				CLANG_WARN_COMMA = YES;
				CLANG_WARN_CONSTANT_CONVERSION = YES;
				CLANG_WARN_DEPRECATED_OBJC_IMPLEMENTATIONS = YES;
				CLANG_WARN_DIRECT_OBJC_ISA_USAGE = YES_ERROR;
				CLANG_WARN_DOCUMENTATION_COMMENTS = YES;
				CLANG_WARN_EMPTY_BODY = YES;
				CLANG_WARN_ENUM_CONVERSION = YES;
				CLANG_WARN_INFINITE_RECURSION = YES;
				CLANG_WARN_INT_CONVERSION = YES;
				CLANG_WARN_NON_LITERAL_NULL_CONVERSION = YES;
				CLANG_WARN_OBJC_IMPLICIT_RETAIN_SELF = YES;
				CLANG_WARN_OBJC_LITERAL_CONVERSION = YES;
				CLANG_WARN_OBJC_ROOT_CLASS = YES_ERROR;
				CLANG_WARN_RANGE_LOOP_ANALYSIS = YES;
				CLANG_WARN_STRICT_PROTOTYPES = YES;
				CLANG_WARN_SUSPICIOUS_MOVE = YES;
				CLANG_WARN_UNGUARDED_AVAILABILITY = YES_AGGRESSIVE;
				CLANG_WARN_UNREACHABLE_CODE = YES;
				CLANG_WARN__DUPLICATE_METHOD_MATCH = YES;
				COPY_PHASE_STRIP = NO;
				DEBUG_INFORMATION_FORMAT = dwarf;
				ENABLE_STRICT_OBJC_MSGSEND = YES;
				ENABLE_TESTABILITY = YES;
				GCC_C_LANGUAGE_STANDARD = gnu11;
				GCC_DYNAMIC_NO_PIC = NO;
				GCC_NO_COMMON_BLOCKS = YES;
				GCC_OPTIMIZATION_LEVEL = 0;
				GCC_PREPROCESSOR_DEFINITIONS = (
					"DEBUG=1",
					"$(inherited)",
				);
				GCC_WARN_64_TO_32_BIT_CONVERSION = YES;
				GCC_WARN_ABOUT_RETURN_TYPE = YES_ERROR;
				GCC_WARN_UNDECLARED_SELECTOR = YES;
				GCC_WARN_UNINITIALIZED_AUTOS = YES_AGGRESSIVE;
				GCC_WARN_UNUSED_FUNCTION = YES;
				GCC_WARN_UNUSED_VARIABLE = YES;
				MACOSX_DEPLOYMENT_TARGET = 10.15;
				MTL_ENABLE_DEBUG_INFO = INCLUDE_SOURCE;
				MTL_FAST_MATH = YES;
				ONLY_ACTIVE_ARCH = YES;
				SDKROOT = macosx;
				SWIFT_ACTIVE_COMPILATION_CONDITIONS = DEBUG;
				SWIFT_OPTIMIZATION_LEVEL = "-Onone";
			};
			name = Debug;
		};
		306492342375B9B700EB6777 /* Release */ = {
			isa = XCBuildConfiguration;
			buildSettings = {
				ALWAYS_SEARCH_USER_PATHS = NO;
				CLANG_ANALYZER_NONNULL = YES;
				CLANG_ANALYZER_NUMBER_OBJECT_CONVERSION = YES_AGGRESSIVE;
				CLANG_CXX_LANGUAGE_STANDARD = "gnu++14";
				CLANG_CXX_LIBRARY = "libc++";
				CLANG_ENABLE_MODULES = YES;
				CLANG_ENABLE_OBJC_ARC = YES;
				CLANG_ENABLE_OBJC_WEAK = YES;
				CLANG_WARN_BLOCK_CAPTURE_AUTORELEASING = YES;
				CLANG_WARN_BOOL_CONVERSION = YES;
				CLANG_WARN_COMMA = YES;
				CLANG_WARN_CONSTANT_CONVERSION = YES;
				CLANG_WARN_DEPRECATED_OBJC_IMPLEMENTATIONS = YES;
				CLANG_WARN_DIRECT_OBJC_ISA_USAGE = YES_ERROR;
				CLANG_WARN_DOCUMENTATION_COMMENTS = YES;
				CLANG_WARN_EMPTY_BODY = YES;
				CLANG_WARN_ENUM_CONVERSION = YES;
				CLANG_WARN_INFINITE_RECURSION = YES;
				CLANG_WARN_INT_CONVERSION = YES;
				CLANG_WARN_NON_LITERAL_NULL_CONVERSION = YES;
				CLANG_WARN_OBJC_IMPLICIT_RETAIN_SELF = YES;
				CLANG_WARN_OBJC_LITERAL_CONVERSION = YES;
				CLANG_WARN_OBJC_ROOT_CLASS = YES_ERROR;
				CLANG_WARN_RANGE_LOOP_ANALYSIS = YES;
				CLANG_WARN_STRICT_PROTOTYPES = YES;
				CLANG_WARN_SUSPICIOUS_MOVE = YES;
				CLANG_WARN_UNGUARDED_AVAILABILITY = YES_AGGRESSIVE;
				CLANG_WARN_UNREACHABLE_CODE = YES;
				CLANG_WARN__DUPLICATE_METHOD_MATCH = YES;
				COPY_PHASE_STRIP = NO;
				DEBUG_INFORMATION_FORMAT = "dwarf-with-dsym";
				ENABLE_NS_ASSERTIONS = NO;
				ENABLE_STRICT_OBJC_MSGSEND = YES;
				GCC_C_LANGUAGE_STANDARD = gnu11;
				GCC_NO_COMMON_BLOCKS = YES;
				GCC_WARN_64_TO_32_BIT_CONVERSION = YES;
				GCC_WARN_ABOUT_RETURN_TYPE = YES_ERROR;
				GCC_WARN_UNDECLARED_SELECTOR = YES;
				GCC_WARN_UNINITIALIZED_AUTOS = YES_AGGRESSIVE;
				GCC_WARN_UNUSED_FUNCTION = YES;
				GCC_WARN_UNUSED_VARIABLE = YES;
				MACOSX_DEPLOYMENT_TARGET = 10.15;
				MTL_ENABLE_DEBUG_INFO = NO;
				MTL_FAST_MATH = YES;
				SDKROOT = macosx;
				SWIFT_COMPILATION_MODE = wholemodule;
				SWIFT_OPTIMIZATION_LEVEL = "-O";
			};
			name = Release;
		};
		306492362375B9B700EB6777 /* Debug */ = {
			isa = XCBuildConfiguration;
			buildSettings = {
				ASSETCATALOG_COMPILER_APPICON_NAME = AppIcon;
				CODE_SIGN_ENTITLEMENTS = WebViewDownloadFromDataURLTest/WebViewDownloadFromDataURLTest.entitlements;
				CODE_SIGN_STYLE = Automatic;
				COMBINE_HIDPI_IMAGES = YES;
				DEVELOPMENT_TEAM = G3E97NESDF;
				ENABLE_HARDENED_RUNTIME = YES;
				INFOPLIST_FILE = WebViewDownloadFromDataURLTest/Info.plist;
				LD_RUNPATH_SEARCH_PATHS = (
					"$(inherited)",
					"@executable_path/../Frameworks",
				);
				PRODUCT_BUNDLE_IDENTIFIER = com.microstrategy.WebViewDownloadFromDataURLTest.WebViewDownloadFromDataURLTest;
				PRODUCT_NAME = "$(TARGET_NAME)";
				SWIFT_VERSION = 5.0;
			};
			name = Debug;
		};
		306492372375B9B700EB6777 /* Release */ = {
			isa = XCBuildConfiguration;
			buildSettings = {
				ASSETCATALOG_COMPILER_APPICON_NAME = AppIcon;
				CODE_SIGN_ENTITLEMENTS = WebViewDownloadFromDataURLTest/WebViewDownloadFromDataURLTest.entitlements;
				CODE_SIGN_STYLE = Automatic;
				COMBINE_HIDPI_IMAGES = YES;
				DEVELOPMENT_TEAM = G3E97NESDF;
				ENABLE_HARDENED_RUNTIME = YES;
				INFOPLIST_FILE = WebViewDownloadFromDataURLTest/Info.plist;
				LD_RUNPATH_SEARCH_PATHS = (
					"$(inherited)",
					"@executable_path/../Frameworks",
				);
				PRODUCT_BUNDLE_IDENTIFIER = com.microstrategy.WebViewDownloadFromDataURLTest.WebViewDownloadFromDataURLTest;
				PRODUCT_NAME = "$(TARGET_NAME)";
				SWIFT_VERSION = 5.0;
			};
			name = Release;
		};
/* End XCBuildConfiguration section */

/* Begin XCConfigurationList section */
		306492202375B9B500EB6777 /* Build configuration list for PBXProject "WebViewDownloadFromDataURLTest" */ = {
			isa = XCConfigurationList;
			buildConfigurations = (
				306492332375B9B700EB6777 /* Debug */,
				306492342375B9B700EB6777 /* Release */,
			);
			defaultConfigurationIsVisible = 0;
			defaultConfigurationName = Release;
		};
		306492352375B9B700EB6777 /* Build configuration list for PBXNativeTarget "WebViewDownloadFromDataURLTest" */ = {
			isa = XCConfigurationList;
			buildConfigurations = (
				306492362375B9B700EB6777 /* Debug */,
				306492372375B9B700EB6777 /* Release */,
			);
			defaultConfigurationIsVisible = 0;
			defaultConfigurationName = Release;
		};
/* End XCConfigurationList section */
	};
	rootObject = 3064921D2375B9B500EB6777 /* Project object */;
}
